
Microsoft Visual Studio Solution File, Format Version 12.00
# Visual Studio Version 16
VisualStudioVersion = 16.0.30523.141
MinimumVisualStudioVersion = 10.0.40219.1
Project("{888888A0-9F3D-457C-B088-3A5042F75D52}") = "WIP", "WIP.pyproj", "{8BAC2633-E475-4BA0-8D61-1F185D2BB47E}"
EndProject
Project("{888888A0-9F3D-457C-B088-3A5042F75D52}") = "Simple ODE Solver", "..\Simple ODE Solver\Simple ODE Solver.pyproj", "{E0C5CF25-150D-467D-9D72-AB006A04EF57}"
EndProject
Global
	GlobalSection(SolutionConfigurationPlatforms) = preSolution
		Debug|Any CPU = Debug|Any CPU
		Release|Any CPU = Release|Any CPU
	EndGlobalSection
	GlobalSection(ProjectConfigurationPlatforms) = postSolution
		{8BAC2633-E475-4BA0-8D61-1F185D2BB47E}.Debug|Any CPU.ActiveCfg = Debug|Any CPU
		{8BAC2633-E475-4BA0-8D61-1F185D2BB47E}.Release|Any CPU.ActiveCfg = Release|Any CPU
		{E0C5CF25-150D-467D-9D72-AB006A04EF57}.Debug|Any CPU.ActiveCfg = Debug|Any CPU
		{E0C5CF25-150D-467D-9D72-AB006A04EF57}.Release|Any CPU.ActiveCfg = Release|Any CPU
	EndGlobalSection
	GlobalSection(SolutionProperties) = preSolution
		HideSolutionNode = FALSE
	EndGlobalSection
	GlobalSection(ExtensibilityGlobals) = postSolution
		SolutionGuid = {A49841FD-70F3-4AC9-8331-2B24EDCA3B71}
	EndGlobalSection
EndGlobal
